
Microsoft Visual Studio Solution File, Format Version 12.00
# Visual Studio Version 17
VisualStudioVersion = 17.6.33723.286
MinimumVisualStudioVersion = 10.0.40219.1
Project("{FAE04EC0-301F-11D3-BF4B-00C04F79EFBC}") = "Workers", "Workers\Workers.csproj", "{154C5E1E-6742-490E-859D-F7056BE618E1}"
EndProject
Global
	GlobalSection(SolutionConfigurationPlatforms) = preSolution
		Debug|Any CPU = Debug|Any CPU
		Release|Any CPU = Release|Any CPU
	EndGlobalSection
	GlobalSection(ProjectConfigurationPlatforms) = postSolution
		{154C5E1E-6742-490E-859D-F7056BE618E1}.Debug|Any CPU.ActiveCfg = Debug|Any CPU
		{154C5E1E-6742-490E-859D-F7056BE618E1}.Debug|Any CPU.Build.0 = Debug|Any CPU
		{154C5E1E-6742-490E-859D-F7056BE618E1}.Release|Any CPU.ActiveCfg = Release|Any CPU
		{154C5E1E-6742-490E-859D-F7056BE618E1}.Release|Any CPU.Build.0 = Release|Any CPU
	EndGlobalSection
	GlobalSection(SolutionProperties) = preSolution
		HideSolutionNode = FALSE
	EndGlobalSection
	GlobalSection(ExtensibilityGlobals) = postSolution
		SolutionGuid = {639B6A48-8267-40EA-8B38-E9BF238CEAE2}
	EndGlobalSection
EndGlobal
